
Microsoft Visual Studio Solution File, Format Version 12.00
# Visual Studio Version 16
VisualStudioVersion = 16.0.29418.71
MinimumVisualStudioVersion = 10.0.40219.1
Project("{8BC9CEB8-8B4A-11D0-8D11-00A0C91BC942}") = "ConsoleApplication1", "ConsoleApplication1.vcxproj", "{0FB5D615-7DA9-43AB-9061-BD271950F3F1}"
EndProject
Global
	GlobalSection(SolutionConfigurationPlatforms) = preSolution
		Debug|x64 = Debug|x64
		Debug|x86 = Debug|x86
		Release|x64 = Release|x64
		Release|x86 = Release|x86
	EndGlobalSection
	GlobalSection(ProjectConfigurationPlatforms) = postSolution
		{0FB5D615-7DA9-43AB-9061-BD271950F3F1}.Debug|x64.ActiveCfg = Debug|x64
		{0FB5D615-7DA9-43AB-9061-BD271950F3F1}.Debug|x64.Build.0 = Debug|x64
		{0FB5D615-7DA9-43AB-9061-BD271950F3F1}.Debug|x86.ActiveCfg = Debug|Win32
		{0FB5D615-7DA9-43AB-9061-BD271950F3F1}.Debug|x86.Build.0 = Debug|Win32
		{0FB5D615-7DA9-43AB-9061-BD271950F3F1}.Release|x64.ActiveCfg = Release|x64
		{0FB5D615-7DA9-43AB-9061-BD271950F3F1}.Release|x64.Build.0 = Release|x64
		{0FB5D615-7DA9-43AB-9061-BD271950F3F1}.Release|x86.ActiveCfg = Release|Win32
		{0FB5D615-7DA9-43AB-9061-BD271950F3F1}.Release|x86.Build.0 = Release|Win32
	EndGlobalSection
	GlobalSection(SolutionProperties) = preSolution
		HideSolutionNode = FALSE
	EndGlobalSection
	GlobalSection(ExtensibilityGlobals) = postSolution
		SolutionGuid = {9662611B-272F-4C90-B1D1-1CA68E3E1D72}
	EndGlobalSection
EndGlobal
